<Solution>
  <Folder Name="/src/">
    <Project Path="src/Mercury.Core/Mercury.Core.csproj" />
    <Project Path="src/Mercury/Mercury.csproj" />
    <Project Path="src/Mercury.Catcher/Mercury.Catcher.csproj" />
  </Folder>
  <Folder Name="/tests/">
    <Project Path="tests/Mercury.Tests/Mercury.Tests.csproj" />
    <Project Path="tests/Mercury.Wpf.Tests/Mercury.Wpf.Tests.csproj" />
  </Folder>
</Solution>
